
Microsoft Visual Studio Solution File, Format Version 12.00
# Visual Studio Version 17
VisualStudioVersion = 17.3.32929.385
MinimumVisualStudioVersion = 10.0.40219.1
Project("{FAE04EC0-301F-11D3-BF4B-00C04F79EFBC}") = "DemoWeb2", "DemoWeb2\DemoWeb2.csproj", "{9E4A7857-F20A-47A9-99CB-78B29E6CE5CC}"
EndProject
Global
	GlobalSection(SolutionConfigurationPlatforms) = preSolution
		Debug|Any CPU = Debug|Any CPU
		Release|Any CPU = Release|Any CPU
	EndGlobalSection
	GlobalSection(ProjectConfigurationPlatforms) = postSolution
		{9E4A7857-F20A-47A9-99CB-78B29E6CE5CC}.Debug|Any CPU.ActiveCfg = Debug|Any CPU
		{9E4A7857-F20A-47A9-99CB-78B29E6CE5CC}.Debug|Any CPU.Build.0 = Debug|Any CPU
		{9E4A7857-F20A-47A9-99CB-78B29E6CE5CC}.Release|Any CPU.ActiveCfg = Release|Any CPU
		{9E4A7857-F20A-47A9-99CB-78B29E6CE5CC}.Release|Any CPU.Build.0 = Release|Any CPU
	EndGlobalSection
	GlobalSection(SolutionProperties) = preSolution
		HideSolutionNode = FALSE
	EndGlobalSection
	GlobalSection(ExtensibilityGlobals) = postSolution
		SolutionGuid = {68272B8F-675F-401F-B54D-99EC3261E4F7}
	EndGlobalSection
EndGlobal
